
Microsoft Visual Studio Solution File, Format Version 12.00
# Visual Studio Version 17
VisualStudioVersion = 17.2.32616.157
MinimumVisualStudioVersion = 10.0.40219.1
Project("{9A19103F-16F7-4668-BE54-9A1E7A4F7556}") = "MoexApiApp", "MoexApiApp\MoexApiApp.csproj", "{D04C450C-0627-4D1D-895D-37A9D23C0247}"
EndProject
Project("{9A19103F-16F7-4668-BE54-9A1E7A4F7556}") = "MoexApi", "MoexApi\MoexApi.csproj", "{49FC4997-6D9E-47E8-AD4B-B8761B53BF33}"
EndProject
Project("{2150E333-8FDC-42A3-9474-1A3956D46DE8}") = "Solution Items", "Solution Items", "{F0A66CC1-0DE5-4B05-A3DD-0E9536866E95}"
	ProjectSection(SolutionItems) = preProject
		.editorconfig = .editorconfig
	EndProjectSection
EndProject
Global
	GlobalSection(SolutionConfigurationPlatforms) = preSolution
		Debug|Any CPU = Debug|Any CPU
		Release|Any CPU = Release|Any CPU
	EndGlobalSection
	GlobalSection(ProjectConfigurationPlatforms) = postSolution
		{D04C450C-0627-4D1D-895D-37A9D23C0247}.Debug|Any CPU.ActiveCfg = Debug|Any CPU
		{D04C450C-0627-4D1D-895D-37A9D23C0247}.Debug|Any CPU.Build.0 = Debug|Any CPU
		{D04C450C-0627-4D1D-895D-37A9D23C0247}.Release|Any CPU.ActiveCfg = Release|Any CPU
		{D04C450C-0627-4D1D-895D-37A9D23C0247}.Release|Any CPU.Build.0 = Release|Any CPU
		{49FC4997-6D9E-47E8-AD4B-B8761B53BF33}.Debug|Any CPU.ActiveCfg = Debug|Any CPU
		{49FC4997-6D9E-47E8-AD4B-B8761B53BF33}.Debug|Any CPU.Build.0 = Debug|Any CPU
		{49FC4997-6D9E-47E8-AD4B-B8761B53BF33}.Release|Any CPU.ActiveCfg = Release|Any CPU
		{49FC4997-6D9E-47E8-AD4B-B8761B53BF33}.Release|Any CPU.Build.0 = Release|Any CPU
	EndGlobalSection
	GlobalSection(SolutionProperties) = preSolution
		HideSolutionNode = FALSE
	EndGlobalSection
	GlobalSection(ExtensibilityGlobals) = postSolution
		SolutionGuid = {D1811DDA-9A50-4D4D-A7D8-DB7F64C35545}
	EndGlobalSection
EndGlobal
